
Microsoft Visual Studio Solution File, Format Version 12.00
# Visual Studio 15
VisualStudioVersion = 15.0.27703.2026
MinimumVisualStudioVersion = 10.0.40219.1
Project("{8BC9CEB8-8B4A-11D0-8D11-00A0C91BC942}") = "Singleton-Ejemplo1", "Singleton-Ejemplo1\Singleton-Ejemplo1.vcxproj", "{C9A6899F-B6CD-4B7D-A605-36F117C1A022}"
EndProject
Global
	GlobalSection(SolutionConfigurationPlatforms) = preSolution
		Debug|x64 = Debug|x64
		Debug|x86 = Debug|x86
		Release|x64 = Release|x64
		Release|x86 = Release|x86
	EndGlobalSection
	GlobalSection(ProjectConfigurationPlatforms) = postSolution
		{C9A6899F-B6CD-4B7D-A605-36F117C1A022}.Debug|x64.ActiveCfg = Debug|x64
		{C9A6899F-B6CD-4B7D-A605-36F117C1A022}.Debug|x64.Build.0 = Debug|x64
		{C9A6899F-B6CD-4B7D-A605-36F117C1A022}.Debug|x86.ActiveCfg = Debug|Win32
		{C9A6899F-B6CD-4B7D-A605-36F117C1A022}.Debug|x86.Build.0 = Debug|Win32
		{C9A6899F-B6CD-4B7D-A605-36F117C1A022}.Release|x64.ActiveCfg = Release|x64
		{C9A6899F-B6CD-4B7D-A605-36F117C1A022}.Release|x64.Build.0 = Release|x64
		{C9A6899F-B6CD-4B7D-A605-36F117C1A022}.Release|x86.ActiveCfg = Release|Win32
		{C9A6899F-B6CD-4B7D-A605-36F117C1A022}.Release|x86.Build.0 = Release|Win32
	EndGlobalSection
	GlobalSection(SolutionProperties) = preSolution
		HideSolutionNode = FALSE
	EndGlobalSection
	GlobalSection(ExtensibilityGlobals) = postSolution
		SolutionGuid = {B079A9CC-D348-4F7B-933B-C559803FA0C4}
	EndGlobalSection
EndGlobal
